
Microsoft Visual Studio Solution File, Format Version 12.00
# Visual Studio Version 17
VisualStudioVersion = 17.10.35027.167
MinimumVisualStudioVersion = 10.0.40219.1
Project("{FAE04EC0-301F-11D3-BF4B-00C04F79EFBC}") = "BedeApp", "BedeApp\BedeApp.csproj", "{488F0EEC-9142-47F2-803B-13869F6C1B4B}"
EndProject
Global
	GlobalSection(SolutionConfigurationPlatforms) = preSolution
		Debug|Any CPU = Debug|Any CPU
		Release|Any CPU = Release|Any CPU
	EndGlobalSection
	GlobalSection(ProjectConfigurationPlatforms) = postSolution
		{488F0EEC-9142-47F2-803B-13869F6C1B4B}.Debug|Any CPU.ActiveCfg = Debug|Any CPU
		{488F0EEC-9142-47F2-803B-13869F6C1B4B}.Debug|Any CPU.Build.0 = Debug|Any CPU
		{488F0EEC-9142-47F2-803B-13869F6C1B4B}.Release|Any CPU.ActiveCfg = Release|Any CPU
		{488F0EEC-9142-47F2-803B-13869F6C1B4B}.Release|Any CPU.Build.0 = Release|Any CPU
	EndGlobalSection
	GlobalSection(SolutionProperties) = preSolution
		HideSolutionNode = FALSE
	EndGlobalSection
	GlobalSection(ExtensibilityGlobals) = postSolution
		SolutionGuid = {22A952DB-CEAC-4468-87CE-42AD62CC10E2}
	EndGlobalSection
EndGlobal
